lockfileVersion: '6.0'

settings:
  autoInstallPeers: true
  excludeLinksFromLockfile: false

dependencies:
  '@babel/types':
    specifier: ^7.22.5
    version: 7.22.5

devDependencies:
  '@types/babel__core':
    specifier: ^7.20.1
    version: 7.20.1
  '@types/node':
    specifier: ^16.18.38
    version: 16.18.38

packages:

  /@babel/helper-string-parser@7.22.5:
    resolution: {integrity: sha512-mM4COjgZox8U+JcXQwPijIZLElkgEpO5rsERVDJTc2qfCDfERyob6k5WegS14SX18IIjv+XD+GrqNumY5JRCDw==}
    engines: {node: '>=6.9.0'}

  /@babel/helper-validator-identifier@7.22.5:
    resolution: {integrity: sha512-aJXu+6lErq8ltp+JhkJUfk1MTGyuA4v7f3pA+BJ5HLfNC6nAQ0Cpi9uOquUj8Hehg0aUiHzWQbOVJGao6ztBAQ==}
    engines: {node: '>=6.9.0'}

  /@babel/parser@7.22.7:
    resolution: {integrity: sha512-7NF8pOkHP5o2vpmGgNGcfAeCvOYhGLyA3Z4eBQkT1RJlWu47n63bCs93QfJ2hIAFCil7L5P2IWhs1oToVgrL0Q==}
    engines: {node: '>=6.0.0'}
    hasBin: true
    dependencies:
      '@babel/types': 7.22.5
    dev: true

  /@babel/types@7.22.5:
    resolution: {integrity: sha512-zo3MIHGOkPOfoRXitsgHLjEXmlDaD/5KU1Uzuc9GNiZPhSqVxVRtxuPaSBZDsYZ9qV88AjtMtWW7ww98loJ9KA==}
    engines: {node: '>=6.9.0'}
    dependencies:
      '@babel/helper-string-parser': 7.22.5
      '@babel/helper-validator-identifier': 7.22.5
      to-fast-properties: 2.0.0

  /@types/babel__core@7.20.1:
    resolution: {integrity: sha512-aACu/U/omhdk15O4Nfb+fHgH/z3QsfQzpnvRZhYhThms83ZnAOZz7zZAWO7mn2yyNQaA4xTO8GLK3uqFU4bYYw==}
    dependencies:
      '@babel/parser': 7.22.7
      '@babel/types': 7.22.5
      '@types/babel__generator': 7.6.4
      '@types/babel__template': 7.4.1
      '@types/babel__traverse': 7.20.1
    dev: true

  /@types/babel__generator@7.6.4:
    resolution: {integrity: sha512-tFkciB9j2K755yrTALxD44McOrk+gfpIpvC3sxHjRawj6PfnQxrse4Clq5y/Rq+G3mrBurMax/lG8Qn2t9mSsg==}
    dependencies:
      '@babel/types': 7.22.5
    dev: true

  /@types/babel__template@7.4.1:
    resolution: {integrity: sha512-azBFKemX6kMg5Io+/rdGT0dkGreboUVR0Cdm3fz9QJWpaQGJRQXl7C+6hOTCZcMll7KFyEQpgbYI2lHdsS4U7g==}
    dependencies:
      '@babel/parser': 7.22.7
      '@babel/types': 7.22.5
    dev: true

  /@types/babel__traverse@7.20.1:
    resolution: {integrity: sha512-MitHFXnhtgwsGZWtT68URpOvLN4EREih1u3QtQiN4VdAxWKRVvGCSvw/Qth0M0Qq3pJpnGOu5JaM/ydK7OGbqg==}
    dependencies:
      '@babel/types': 7.22.5
    dev: true

  /@types/node@16.18.38:
    resolution: {integrity: sha512-6sfo1qTulpVbkxECP+AVrHV9OoJqhzCsfTNp5NIG+enM4HyM3HvZCO798WShIXBN0+QtDIcutJCjsVYnQP5rIQ==}
    dev: true

  /to-fast-properties@2.0.0:
    resolution: {integrity: sha512-/OaKK0xYrs3DmxRYqL/yDc+FxFUVYhDlXMhRmv3z915w2HF1tnN1omB354j8VUGO/hbRzyD6Y3sA7v7GS/ceog==}
    engines: {node: '>=4'}
